{
  "name": "@holema/h2-DateTimePicker",
  "version": "1.0.0",
  "lockfileVersion": 1,
  "requires": true,
  "dependencies": {
    "@holema/datepicker": {
      "version": "1.0.0",
      "resolved": "https://registry.npmjs.org/@holema/datepicker/-/datepicker-1.0.0.tgz",
      "integrity": "sha512-Op/mp5Xg8PJQvuAYgliJ94o363jSXWX2HecU6gvYU89dgP+NPc+PeTIicRSs3SI3rKi8uPpkPipHTRBZfr59nA=="
    },
    "@holema/mdtimepicker": {
      "version": "1.1.0",
      "resolved": "https://registry.npmjs.org/@holema/mdtimepicker/-/mdtimepicker-1.1.0.tgz",
      "integrity": "sha512-SrYE/AWLqYgqE9FXmnbyPvYGB60Z+mDn+UuKzTcma2ZLEtyzVs8qiKAkZYFPa3M4Z5zsESLFm8kDllSbrMeD2A=="
    }
  }
}
